
Microsoft Visual Studio Solution File, Format Version 12.00
# Visual Studio Version 16
VisualStudioVersion = 16.0.30804.86
MinimumVisualStudioVersion = 10.0.40219.1
Project("{FAE04EC0-301F-11D3-BF4B-00C04F79EFBC}") = "SYS_Les_5", "SYS_Les_5\SYS_Les_5.csproj", "{2ADCC500-05FC-47FF-B7FD-1F941FD4D53D}"
EndProject
Global
	GlobalSection(SolutionConfigurationPlatforms) = preSolution
		Debug|Any CPU = Debug|Any CPU
		Release|Any CPU = Release|Any CPU
	EndGlobalSection
	GlobalSection(ProjectConfigurationPlatforms) = postSolution
		{2ADCC500-05FC-47FF-B7FD-1F941FD4D53D}.Debug|Any CPU.ActiveCfg = Debug|Any CPU
		{2ADCC500-05FC-47FF-B7FD-1F941FD4D53D}.Debug|Any CPU.Build.0 = Debug|Any CPU
		{2ADCC500-05FC-47FF-B7FD-1F941FD4D53D}.Release|Any CPU.ActiveCfg = Release|Any CPU
		{2ADCC500-05FC-47FF-B7FD-1F941FD4D53D}.Release|Any CPU.Build.0 = Release|Any CPU
	EndGlobalSection
	GlobalSection(SolutionProperties) = preSolution
		HideSolutionNode = FALSE
	EndGlobalSection
	GlobalSection(ExtensibilityGlobals) = postSolution
		SolutionGuid = {5D09341D-619F-48B9-99F2-BFAD56EC32EA}
	EndGlobalSection
EndGlobal
